// !$*UTF8*$!
{
	archiveVersion = 1;
	classes = {
	};
	objectVersion = 56;
	objects = {

/* Begin PBXBuildFile section */
		9FE33BC62EE6CD300001AAA5 /* glacesApp.swift in Sources */ = {isa = PBXBuildFile; fileRef = 9FE33BC52EE6CD300001AAA5 /* glacesApp.swift */; };
		9FE33BC82EE6CD300001AAA5 /* ContentView.swift in Sources */ = {isa = PBXBuildFile; fileRef = 9FE33BC72EE6CD300001AAA5 /* ContentView.swift */; };
		9FE33BCA2EE6CD320001AAA5 /* Assets.xcassets in Resources */ = {isa = PBXBuildFile; fileRef = 9FE33BC92EE6CD320001AAA5 /* Assets.xcassets */; };
		9FE33BCE2EE6CD320001AAA5 /* Preview Assets.xcassets in Resources */ = {isa = PBXBuildFile; fileRef = 9FE33BCD2EE6CD320001AAA5 /* Preview Assets.xcassets */; };
		9FE33BD82EE6CD320001AAA5 /* glacesTests.swift in Sources */ = {isa = PBXBuildFile; fileRef = 9FE33BD72EE6CD320001AAA5 /* glacesTests.swift */; };
		9FE33BE22EE6CD320001AAA5 /* glacesUITests.swift in Sources */ = {isa = PBXBuildFile; fileRef = 9FE33BE12EE6CD320001AAA5 /* glacesUITests.swift */; };
		9FE33BE42EE6CD320001AAA5 /* glacesUITestsLaunchTests.swift in Sources */ = {isa = PBXBuildFile; fileRef = 9FE33BE32EE6CD320001AAA5 /* glacesUITestsLaunchTests.swift */; };
		9FE33BF22EE6D8D40001AAA5 /* GlacesTypes.swift in Sources */ = {isa = PBXBuildFile; fileRef = 9FE33BF12EE6D8D40001AAA5 /* GlacesTypes.swift */; };
		9FE33BF42EE6DA590001AAA5 /* Parfum.swift in Sources */ = {isa = PBXBuildFile; fileRef = 9FE33BF32EE6DA590001AAA5 /* Parfum.swift */; };
		9FE33BF62EE6DBC20001AAA5 /* GlacesOrder.swift in Sources */ = {isa = PBXBuildFile; fileRef = 9FE33BF52EE6DBC20001AAA5 /* GlacesOrder.swift */; };
/* End PBXBuildFile section */

/* Begin PBXContainerItemProxy section */
		9FE33BD42EE6CD320001AAA5 /* PBXContainerItemProxy */ = {
			isa = PBXContainerItemProxy;
			containerPortal = 9FE33BBA2EE6CD300001AAA5 /* Project object */;
			proxyType = 1;
			remoteGlobalIDString = 9FE33BC12EE6CD300001AAA5;
			remoteInfo = glaces;
		};
		9FE33BDE2EE6CD320001AAA5 /* PBXContainerItemProxy */ = {
			isa = PBXContainerItemProxy;
			containerPortal = 9FE33BBA2EE6CD300001AAA5 /* Project object */;
			proxyType = 1;
			remoteGlobalIDString = 9FE33BC12EE6CD300001AAA5;
			remoteInfo = glaces;
		};
/* End PBXContainerItemProxy section */

/* Begin PBXFileReference section */
		9FE33BC22EE6CD300001AAA5 /* glaces.app */ = {isa = PBXFileReference; explicitFileType = wrapper.application; includeInIndex = 0; path = glaces.app; sourceTree = BUILT_PRODUCTS_DIR; };
		9FE33BC52EE6CD300001AAA5 /* glacesApp.swift */ = {isa = PBXFileReference; lastKnownFileType = sourcecode.swift; path = glacesApp.swift; sourceTree = "<group>"; };
		9FE33BC72EE6CD300001AAA5 /* ContentView.swift */ = {isa = PBXFileReference; lastKnownFileType = sourcecode.swift; path = ContentView.swift; sourceTree = "<group>"; };
		9FE33BC92EE6CD320001AAA5 /* Assets.xcassets */ = {isa = PBXFileReference; lastKnownFileType = folder.assetcatalog; path = Assets.xcassets; sourceTree = "<group>"; };
		9FE33BCB2EE6CD320001AAA5 /* glaces.entitlements */ = {isa = PBXFileReference; lastKnownFileType = text.plist.entitlements; path = glaces.entitlements; sourceTree = "<group>"; };
		9FE33BCD2EE6CD320001AAA5 /* Preview Assets.xcassets */ = {isa = PBXFileReference; lastKnownFileType = folder.assetcatalog; path = "Preview Assets.xcassets"; sourceTree = "<group>"; };
		9FE33BD32EE6CD320001AAA5 /* glacesTests.xctest */ = {isa = PBXFileReference; explicitFileType = wrapper.cfbundle; includeInIndex = 0; path = glacesTests.xctest; sourceTree = BUILT_PRODUCTS_DIR; };
		9FE33BD72EE6CD320001AAA5 /* glacesTests.swift */ = {isa = PBXFileReference; lastKnownFileType = sourcecode.swift; path = glacesTests.swift; sourceTree = "<group>"; };
		9FE33BDD2EE6CD320001AAA5 /* glacesUITests.xctest */ = {isa = PBXFileReference; explicitFileType = wrapper.cfbundle; includeInIndex = 0; path = glacesUITests.xctest; sourceTree = BUILT_PRODUCTS_DIR; };
		9FE33BE12EE6CD320001AAA5 /* glacesUITests.swift */ = {isa = PBXFileReference; lastKnownFileType = sourcecode.swift; path = glacesUITests.swift; sourceTree = "<group>"; };
		9FE33BE32EE6CD320001AAA5 /* glacesUITestsLaunchTests.swift */ = {isa = PBXFileReference; lastKnownFileType = sourcecode.swift; path = glacesUITestsLaunchTests.swift; sourceTree = "<group>"; };
		9FE33BF12EE6D8D40001AAA5 /* GlacesTypes.swift */ = {isa = PBXFileReference; lastKnownFileType = sourcecode.swift; path = GlacesTypes.swift; sourceTree = "<group>"; };
		9FE33BF32EE6DA590001AAA5 /* Parfum.swift */ = {isa = PBXFileReference; lastKnownFileType = sourcecode.swift; path = Parfum.swift; sourceTree = "<group>"; };
		9FE33BF52EE6DBC20001AAA5 /* GlacesOrder.swift */ = {isa = PBXFileReference; lastKnownFileType = sourcecode.swift; path = GlacesOrder.swift; sourceTree = "<group>"; };
/* End PBXFileReference section */

/* Begin PBXFrameworksBuildPhase section */
		9FE33BBF2EE6CD300001AAA5 /* Frameworks */ = {
			isa = PBXFrameworksBuildPhase;
			buildActionMask = 2147483647;
			files = (
			);
			runOnlyForDeploymentPostprocessing = 0;
		};
		9FE33BD02EE6CD320001AAA5 /* Frameworks */ = {
			isa = PBXFrameworksBuildPhase;
			buildActionMask = 2147483647;
			files = (
			);
			runOnlyForDeploymentPostprocessing = 0;
		};
		9FE33BDA2EE6CD320001AAA5 /* Frameworks */ = {
			isa = PBXFrameworksBuildPhase;
			buildActionMask = 2147483647;
			files = (
			);
			runOnlyForDeploymentPostprocessing = 0;
		};
/* End PBXFrameworksBuildPhase section */

/* Begin PBXGroup section */
		9FE33BB92EE6CD300001AAA5 = {
			isa = PBXGroup;
			children = (
				9FE33BC42EE6CD300001AAA5 /* glaces */,
				9FE33BD62EE6CD320001AAA5 /* glacesTests */,
				9FE33BE02EE6CD320001AAA5 /* glacesUITests */,
				9FE33BC32EE6CD300001AAA5 /* Products */,
			);
			sourceTree = "<group>";
		};
		9FE33BC32EE6CD300001AAA5 /* Products */ = {
			isa = PBXGroup;
			children = (
				9FE33BC22EE6CD300001AAA5 /* glaces.app */,
				9FE33BD32EE6CD320001AAA5 /* glacesTests.xctest */,
				9FE33BDD2EE6CD320001AAA5 /* glacesUITests.xctest */,
			);
			name = Products;
			sourceTree = "<group>";
		};
		9FE33BC42EE6CD300001AAA5 /* glaces */ = {
			isa = PBXGroup;
			children = (
				9FE33BF02EE6D87D0001AAA5 /* Model */,
				9FE33BC52EE6CD300001AAA5 /* glacesApp.swift */,
				9FE33BC72EE6CD300001AAA5 /* ContentView.swift */,
				9FE33BC92EE6CD320001AAA5 /* Assets.xcassets */,
				9FE33BCB2EE6CD320001AAA5 /* glaces.entitlements */,
				9FE33BCC2EE6CD320001AAA5 /* Preview Content */,
			);
			path = glaces;
			sourceTree = "<group>";
		};
		9FE33BCC2EE6CD320001AAA5 /* Preview Content */ = {
			isa = PBXGroup;
			children = (
				9FE33BCD2EE6CD320001AAA5 /* Preview Assets.xcassets */,
			);
			path = "Preview Content";
			sourceTree = "<group>";
		};
		9FE33BD62EE6CD320001AAA5 /* glacesTests */ = {
			isa = PBXGroup;
			children = (
				9FE33BD72EE6CD320001AAA5 /* glacesTests.swift */,
			);
			path = glacesTests;
			sourceTree = "<group>";
		};
		9FE33BE02EE6CD320001AAA5 /* glacesUITests */ = {
			isa = PBXGroup;
			children = (
				9FE33BE12EE6CD320001AAA5 /* glacesUITests.swift */,
				9FE33BE32EE6CD320001AAA5 /* glacesUITestsLaunchTests.swift */,
			);
			path = glacesUITests;
			sourceTree = "<group>";
		};
		9FE33BF02EE6D87D0001AAA5 /* Model */ = {
			isa = PBXGroup;
			children = (
				9FE33BF12EE6D8D40001AAA5 /* GlacesTypes.swift */,
				9FE33BF32EE6DA590001AAA5 /* Parfum.swift */,
				9FE33BF52EE6DBC20001AAA5 /* GlacesOrder.swift */,
			);
			path = Model;
			sourceTree = "<group>";
		};
/* End PBXGroup section */

/* Begin PBXNativeTarget section */
		9FE33BC12EE6CD300001AAA5 /* glaces */ = {
			isa = PBXNativeTarget;
			buildConfigurationList = 9FE33BE72EE6CD320001AAA5 /* Build configuration list for PBXNativeTarget "glaces" */;
			buildPhases = (
				9FE33BBE2EE6CD300001AAA5 /* Sources */,
				9FE33BBF2EE6CD300001AAA5 /* Frameworks */,
				9FE33BC02EE6CD300001AAA5 /* Resources */,
			);
			buildRules = (
			);
			dependencies = (
			);
			name = glaces;
			productName = glaces;
			productReference = 9FE33BC22EE6CD300001AAA5 /* glaces.app */;
			productType = "com.apple.product-type.application";
		};
		9FE33BD22EE6CD320001AAA5 /* glacesTests */ = {
			isa = PBXNativeTarget;
			buildConfigurationList = 9FE33BEA2EE6CD320001AAA5 /* Build configuration list for PBXNativeTarget "glacesTests" */;
			buildPhases = (
				9FE33BCF2EE6CD320001AAA5 /* Sources */,
				9FE33BD02EE6CD320001AAA5 /* Frameworks */,
				9FE33BD12EE6CD320001AAA5 /* Resources */,
			);
			buildRules = (
			);
			dependencies = (
				9FE33BD52EE6CD320001AAA5 /* PBXTargetDependency */,
			);
			name = glacesTests;
			productName = glacesTests;
			productReference = 9FE33BD32EE6CD320001AAA5 /* glacesTests.xctest */;
			productType = "com.apple.product-type.bundle.unit-test";
		};
		9FE33BDC2EE6CD320001AAA5 /* glacesUITests */ = {
			isa = PBXNativeTarget;
			buildConfigurationList = 9FE33BED2EE6CD320001AAA5 /* Build configuration list for PBXNativeTarget "glacesUITests" */;
			buildPhases = (
				9FE33BD92EE6CD320001AAA5 /* Sources */,
				9FE33BDA2EE6CD320001AAA5 /* Frameworks */,
				9FE33BDB2EE6CD320001AAA5 /* Resources */,
			);
			buildRules = (
			);
			dependencies = (
				9FE33BDF2EE6CD320001AAA5 /* PBXTargetDependency */,
			);
			name = glacesUITests;
			productName = glacesUITests;
			productReference = 9FE33BDD2EE6CD320001AAA5 /* glacesUITests.xctest */;
			productType = "com.apple.product-type.bundle.ui-testing";
		};
/* End PBXNativeTarget section */

/* Begin PBXProject section */
		9FE33BBA2EE6CD300001AAA5 /* Project object */ = {
			isa = PBXProject;
			attributes = {
				BuildIndependentTargetsInParallel = 1;
				LastSwiftUpdateCheck = 1540;
				LastUpgradeCheck = 1540;
				TargetAttributes = {
					9FE33BC12EE6CD300001AAA5 = {
						CreatedOnToolsVersion = 15.4;
					};
					9FE33BD22EE6CD320001AAA5 = {
						CreatedOnToolsVersion = 15.4;
						TestTargetID = 9FE33BC12EE6CD300001AAA5;
					};
					9FE33BDC2EE6CD320001AAA5 = {
						CreatedOnToolsVersion = 15.4;
						TestTargetID = 9FE33BC12EE6CD300001AAA5;
					};
				};
			};
			buildConfigurationList = 9FE33BBD2EE6CD300001AAA5 /* Build configuration list for PBXProject "glaces" */;
			compatibilityVersion = "Xcode 14.0";
			developmentRegion = en;
			hasScannedForEncodings = 0;
			knownRegions = (
				en,
				Base,
			);
			mainGroup = 9FE33BB92EE6CD300001AAA5;
			productRefGroup = 9FE33BC32EE6CD300001AAA5 /* Products */;
			projectDirPath = "";
			projectRoot = "";
			targets = (
				9FE33BC12EE6CD300001AAA5 /* glaces */,
				9FE33BD22EE6CD320001AAA5 /* glacesTests */,
				9FE33BDC2EE6CD320001AAA5 /* glacesUITests */,
			);
		};
/* End PBXProject section */

/* Begin PBXResourcesBuildPhase section */
		9FE33BC02EE6CD300001AAA5 /* Resources */ = {
			isa = PBXResourcesBuildPhase;
			buildActionMask = 2147483647;
			files = (
				9FE33BCE2EE6CD320001AAA5 /* Preview Assets.xcassets in Resources */,
				9FE33BCA2EE6CD320001AAA5 /* Assets.xcassets in Resources */,
			);
			runOnlyForDeploymentPostprocessing = 0;
		};
		9FE33BD12EE6CD320001AAA5 /* Resources */ = {
			isa = PBXResourcesBuildPhase;
			buildActionMask = 2147483647;
			files = (
			);
			runOnlyForDeploymentPostprocessing = 0;
		};
		9FE33BDB2EE6CD320001AAA5 /* Resources */ = {
			isa = PBXResourcesBuildPhase;
			buildActionMask = 2147483647;
			files = (
			);
			runOnlyForDeploymentPostprocessing = 0;
		};
/* End PBXResourcesBuildPhase section */

/* Begin PBXSourcesBuildPhase section */
		9FE33BBE2EE6CD300001AAA5 /* Sources */ = {
			isa = PBXSourcesBuildPhase;
			buildActionMask = 2147483647;
			files = (
				9FE33BC82EE6CD300001AAA5 /* ContentView.swift in Sources */,
				9FE33BF22EE6D8D40001AAA5 /* GlacesTypes.swift in Sources */,
				9FE33BF42EE6DA590001AAA5 /* Parfum.swift in Sources */,
				9FE33BC62EE6CD300001AAA5 /* glacesApp.swift in Sources */,
				9FE33BF62EE6DBC20001AAA5 /* GlacesOrder.swift in Sources */,
			);
			runOnlyForDeploymentPostprocessing = 0;
		};
		9FE33BCF2EE6CD320001AAA5 /* Sources */ = {
			isa = PBXSourcesBuildPhase;
			buildActionMask = 2147483647;
			files = (
				9FE33BD82EE6CD320001AAA5 /* glacesTests.swift in Sources */,
			);
			runOnlyForDeploymentPostprocessing = 0;
		};
		9FE33BD92EE6CD320001AAA5 /* Sources */ = {
			isa = PBXSourcesBuildPhase;
			buildActionMask = 2147483647;
			files = (
				9FE33BE22EE6CD320001AAA5 /* glacesUITests.swift in Sources */,
				9FE33BE42EE6CD320001AAA5 /* glacesUITestsLaunchTests.swift in Sources */,
			);
			runOnlyForDeploymentPostprocessing = 0;
		};
/* End PBXSourcesBuildPhase section */

/* Begin PBXTargetDependency section */
		9FE33BD52EE6CD320001AAA5 /* PBXTargetDependency */ = {
			isa = PBXTargetDependency;
			target = 9FE33BC12EE6CD300001AAA5 /* glaces */;
			targetProxy = 9FE33BD42EE6CD320001AAA5 /* PBXContainerItemProxy */;
		};
		9FE33BDF2EE6CD320001AAA5 /* PBXTargetDependency */ = {
			isa = PBXTargetDependency;
			target = 9FE33BC12EE6CD300001AAA5 /* glaces */;
			targetProxy = 9FE33BDE2EE6CD320001AAA5 /* PBXContainerItemProxy */;
		};
/* End PBXTargetDependency section */

/* Begin XCBuildConfiguration section */
		9FE33BE52EE6CD320001AAA5 /* Debug */ = {
			isa = XCBuildConfiguration;
			buildSettings = {
				ALWAYS_SEARCH_USER_PATHS = NO;
				ASSETCATALOG_COMPILER_GENERATE_SWIFT_ASSET_SYMBOL_EXTENSIONS = YES;
				CLANG_ANALYZER_NONNULL = YES;
				CLANG_ANALYZER_NUMBER_OBJECT_CONVERSION = YES_AGGRESSIVE;
				CLANG_CXX_LANGUAGE_STANDARD = "gnu++20";
				CLANG_ENABLE_MODULES = YES;
				CLANG_ENABLE_OBJC_ARC = YES;
				CLANG_ENABLE_OBJC_WEAK = YES;
				CLANG_WARN_BLOCK_CAPTURE_AUTORELEASING = YES;
				CLANG_WARN_BOOL_CONVERSION = YES;
				CLANG_WARN_COMMA = YES;
				CLANG_WARN_CONSTANT_CONVERSION = YES;
				CLANG_WARN_DEPRECATED_OBJC_IMPLEMENTATIONS = YES;
				CLANG_WARN_DIRECT_OBJC_ISA_USAGE = YES_ERROR;
				CLANG_WARN_DOCUMENTATION_COMMENTS = YES;
				CLANG_WARN_EMPTY_BODY = YES;
				CLANG_WARN_ENUM_CONVERSION = YES;
				CLANG_WARN_INFINITE_RECURSION = YES;
				CLANG_WARN_INT_CONVERSION = YES;
				CLANG_WARN_NON_LITERAL_NULL_CONVERSION = YES;
				CLANG_WARN_OBJC_IMPLICIT_RETAIN_SELF = YES;
				CLANG_WARN_OBJC_LITERAL_CONVERSION = YES;
				CLANG_WARN_OBJC_ROOT_CLASS = YES_ERROR;
				CLANG_WARN_QUOTED_INCLUDE_IN_FRAMEWORK_HEADER = YES;
				CLANG_WARN_RANGE_LOOP_ANALYSIS = YES;
				CLANG_WARN_STRICT_PROTOTYPES = YES;
				CLANG_WARN_SUSPICIOUS_MOVE = YES;
				CLANG_WARN_UNGUARDED_AVAILABILITY = YES_AGGRESSIVE;
				CLANG_WARN_UNREACHABLE_CODE = YES;
				CLANG_WARN__DUPLICATE_METHOD_MATCH = YES;
				COPY_PHASE_STRIP = NO;
				DEBUG_INFORMATION_FORMAT = dwarf;
				ENABLE_STRICT_OBJC_MSGSEND = YES;
				ENABLE_TESTABILITY = YES;
				ENABLE_USER_SCRIPT_SANDBOXING = YES;
				GCC_C_LANGUAGE_STANDARD = gnu17;
				GCC_DYNAMIC_NO_PIC = NO;
				GCC_NO_COMMON_BLOCKS = YES;
				GCC_OPTIMIZATION_LEVEL = 0;
				GCC_PREPROCESSOR_DEFINITIONS = (
					"DEBUG=1",
					"$(inherited)",
				);
				GCC_WARN_64_TO_32_BIT_CONVERSION = YES;
				GCC_WARN_ABOUT_RETURN_TYPE = YES_ERROR;
				GCC_WARN_UNDECLARED_SELECTOR = YES;
				GCC_WARN_UNINITIALIZED_AUTOS = YES_AGGRESSIVE;
				GCC_WARN_UNUSED_FUNCTION = YES;
				GCC_WARN_UNUSED_VARIABLE = YES;
				LOCALIZATION_PREFERS_STRING_CATALOGS = YES;
				MTL_ENABLE_DEBUG_INFO = INCLUDE_SOURCE;
				MTL_FAST_MATH = YES;
				ONLY_ACTIVE_ARCH = YES;
				SWIFT_ACTIVE_COMPILATION_CONDITIONS = "DEBUG $(inherited)";
				SWIFT_OPTIMIZATION_LEVEL = "-Onone";
			};
			name = Debug;
		};
		9FE33BE62EE6CD320001AAA5 /* Release */ = {
			isa = XCBuildConfiguration;
			buildSettings = {
				ALWAYS_SEARCH_USER_PATHS = NO;
				ASSETCATALOG_COMPILER_GENERATE_SWIFT_ASSET_SYMBOL_EXTENSIONS = YES;
				CLANG_ANALYZER_NONNULL = YES;
				CLANG_ANALYZER_NUMBER_OBJECT_CONVERSION = YES_AGGRESSIVE;
				CLANG_CXX_LANGUAGE_STANDARD = "gnu++20";
				CLANG_ENABLE_MODULES = YES;
				CLANG_ENABLE_OBJC_ARC = YES;
				CLANG_ENABLE_OBJC_WEAK = YES;
				CLANG_WARN_BLOCK_CAPTURE_AUTORELEASING = YES;
				CLANG_WARN_BOOL_CONVERSION = YES;
				CLANG_WARN_COMMA = YES;
				CLANG_WARN_CONSTANT_CONVERSION = YES;
				CLANG_WARN_DEPRECATED_OBJC_IMPLEMENTATIONS = YES;
				CLANG_WARN_DIRECT_OBJC_ISA_USAGE = YES_ERROR;
				CLANG_WARN_DOCUMENTATION_COMMENTS = YES;
				CLANG_WARN_EMPTY_BODY = YES;
				CLANG_WARN_ENUM_CONVERSION = YES;
				CLANG_WARN_INFINITE_RECURSION = YES;
				CLANG_WARN_INT_CONVERSION = YES;
				CLANG_WARN_NON_LITERAL_NULL_CONVERSION = YES;
				CLANG_WARN_OBJC_IMPLICIT_RETAIN_SELF = YES;
				CLANG_WARN_OBJC_LITERAL_CONVERSION = YES;
				CLANG_WARN_OBJC_ROOT_CLASS = YES_ERROR;
				CLANG_WARN_QUOTED_INCLUDE_IN_FRAMEWORK_HEADER = YES;
				CLANG_WARN_RANGE_LOOP_ANALYSIS = YES;
				CLANG_WARN_STRICT_PROTOTYPES = YES;
				CLANG_WARN_SUSPICIOUS_MOVE = YES;
				CLANG_WARN_UNGUARDED_AVAILABILITY = YES_AGGRESSIVE;
				CLANG_WARN_UNREACHABLE_CODE = YES;
				CLANG_WARN__DUPLICATE_METHOD_MATCH = YES;
				COPY_PHASE_STRIP = NO;
				DEBUG_INFORMATION_FORMAT = "dwarf-with-dsym";
				ENABLE_NS_ASSERTIONS = NO;
				ENABLE_STRICT_OBJC_MSGSEND = YES;
				ENABLE_USER_SCRIPT_SANDBOXING = YES;
				GCC_C_LANGUAGE_STANDARD = gnu17;
				GCC_NO_COMMON_BLOCKS = YES;
				GCC_WARN_64_TO_32_BIT_CONVERSION = YES;
				GCC_WARN_ABOUT_RETURN_TYPE = YES_ERROR;
				GCC_WARN_UNDECLARED_SELECTOR = YES;
				GCC_WARN_UNINITIALIZED_AUTOS = YES_AGGRESSIVE;
				GCC_WARN_UNUSED_FUNCTION = YES;
				GCC_WARN_UNUSED_VARIABLE = YES;
				LOCALIZATION_PREFERS_STRING_CATALOGS = YES;
				MTL_ENABLE_DEBUG_INFO = NO;
				MTL_FAST_MATH = YES;
				SWIFT_COMPILATION_MODE = wholemodule;
			};
			name = Release;
		};
		9FE33BE82EE6CD320001AAA5 /* Debug */ = {
			isa = XCBuildConfiguration;
			buildSettings = {
				ASSETCATALOG_COMPILER_APPICON_NAME = AppIcon;
				ASSETCATALOG_COMPILER_GLOBAL_ACCENT_COLOR_NAME = AccentColor;
				CODE_SIGN_ENTITLEMENTS = glaces/glaces.entitlements;
				CODE_SIGN_STYLE = Automatic;
				CURRENT_PROJECT_VERSION = 1;
				DEVELOPMENT_ASSET_PATHS = "\"glaces/Preview Content\"";
				ENABLE_PREVIEWS = YES;
				GENERATE_INFOPLIST_FILE = YES;
				"INFOPLIST_KEY_UIApplicationSceneManifest_Generation[sdk=iphoneos*]" = YES;
				"INFOPLIST_KEY_UIApplicationSceneManifest_Generation[sdk=iphonesimulator*]" = YES;
				"INFOPLIST_KEY_UIApplicationSupportsIndirectInputEvents[sdk=iphoneos*]" = YES;
				"INFOPLIST_KEY_UIApplicationSupportsIndirectInputEvents[sdk=iphonesimulator*]" = YES;
				"INFOPLIST_KEY_UILaunchScreen_Generation[sdk=iphoneos*]" = YES;
				"INFOPLIST_KEY_UILaunchScreen_Generation[sdk=iphonesimulator*]" = YES;
				"INFOPLIST_KEY_UIStatusBarStyle[sdk=iphoneos*]" = UIStatusBarStyleDefault;
				"INFOPLIST_KEY_UIStatusBarStyle[sdk=iphonesimulator*]" = UIStatusBarStyleDefault;
				INFOPLIST_KEY_UISupportedInterfaceOrientations_iPad = "UIInterfaceOrientationPortrait UIInterfaceOrientationPortraitUpsideDown UIInterfaceOrientationLandscapeLeft UIInterfaceOrientationLandscapeRight";
				INFOPLIST_KEY_UISupportedInterfaceOrientations_iPhone = "UIInterfaceOrientationPortrait UIInterfaceOrientationLandscapeLeft UIInterfaceOrientationLandscapeRight";
				IPHONEOS_DEPLOYMENT_TARGET = 17.5;
				LD_RUNPATH_SEARCH_PATHS = "@executable_path/Frameworks";
				"LD_RUNPATH_SEARCH_PATHS[sdk=macosx*]" = "@executable_path/../Frameworks";
				MACOSX_DEPLOYMENT_TARGET = 14.5;
				MARKETING_VERSION = 1.0;
				PRODUCT_BUNDLE_IDENTIFIER = fr.sime.glaces;
				PRODUCT_NAME = "$(TARGET_NAME)";
				SDKROOT = auto;
				SUPPORTED_PLATFORMS = "iphoneos iphonesimulator macosx";
				SWIFT_EMIT_LOC_STRINGS = YES;
				SWIFT_VERSION = 5.0;
				TARGETED_DEVICE_FAMILY = "1,2";
			};
			name = Debug;
		};
		9FE33BE92EE6CD320001AAA5 /* Release */ = {
			isa = XCBuildConfiguration;
			buildSettings = {
				ASSETCATALOG_COMPILER_APPICON_NAME = AppIcon;
				ASSETCATALOG_COMPILER_GLOBAL_ACCENT_COLOR_NAME = AccentColor;
				CODE_SIGN_ENTITLEMENTS = glaces/glaces.entitlements;
				CODE_SIGN_STYLE = Automatic;
				CURRENT_PROJECT_VERSION = 1;
				DEVELOPMENT_ASSET_PATHS = "\"glaces/Preview Content\"";
				ENABLE_PREVIEWS = YES;
				GENERATE_INFOPLIST_FILE = YES;
				"INFOPLIST_KEY_UIApplicationSceneManifest_Generation[sdk=iphoneos*]" = YES;
				"INFOPLIST_KEY_UIApplicationSceneManifest_Generation[sdk=iphonesimulator*]" = YES;
				"INFOPLIST_KEY_UIApplicationSupportsIndirectInputEvents[sdk=iphoneos*]" = YES;
				"INFOPLIST_KEY_UIApplicationSupportsIndirectInputEvents[sdk=iphonesimulator*]" = YES;
				"INFOPLIST_KEY_UILaunchScreen_Generation[sdk=iphoneos*]" = YES;
				"INFOPLIST_KEY_UILaunchScreen_Generation[sdk=iphonesimulator*]" = YES;
				"INFOPLIST_KEY_UIStatusBarStyle[sdk=iphoneos*]" = UIStatusBarStyleDefault;
				"INFOPLIST_KEY_UIStatusBarStyle[sdk=iphonesimulator*]" = UIStatusBarStyleDefault;
				INFOPLIST_KEY_UISupportedInterfaceOrientations_iPad = "UIInterfaceOrientationPortrait UIInterfaceOrientationPortraitUpsideDown UIInterfaceOrientationLandscapeLeft UIInterfaceOrientationLandscapeRight";
				INFOPLIST_KEY_UISupportedInterfaceOrientations_iPhone = "UIInterfaceOrientationPortrait UIInterfaceOrientationLandscapeLeft UIInterfaceOrientationLandscapeRight";
				IPHONEOS_DEPLOYMENT_TARGET = 17.5;
				LD_RUNPATH_SEARCH_PATHS = "@executable_path/Frameworks";
				"LD_RUNPATH_SEARCH_PATHS[sdk=macosx*]" = "@executable_path/../Frameworks";
				MACOSX_DEPLOYMENT_TARGET = 14.5;
				MARKETING_VERSION = 1.0;
				PRODUCT_BUNDLE_IDENTIFIER = fr.sime.glaces;
				PRODUCT_NAME = "$(TARGET_NAME)";
				SDKROOT = auto;
				SUPPORTED_PLATFORMS = "iphoneos iphonesimulator macosx";
				SWIFT_EMIT_LOC_STRINGS = YES;
				SWIFT_VERSION = 5.0;
				TARGETED_DEVICE_FAMILY = "1,2";
			};
			name = Release;
		};
		9FE33BEB2EE6CD320001AAA5 /* Debug */ = {
			isa = XCBuildConfiguration;
			buildSettings = {
				ALWAYS_EMBED_SWIFT_STANDARD_LIBRARIES = YES;
				BUNDLE_LOADER = "$(TEST_HOST)";
				CODE_SIGN_STYLE = Automatic;
				CURRENT_PROJECT_VERSION = 1;
				GENERATE_INFOPLIST_FILE = YES;
				IPHONEOS_DEPLOYMENT_TARGET = 17.5;
				MACOSX_DEPLOYMENT_TARGET = 14.5;
				MARKETING_VERSION = 1.0;
				PRODUCT_BUNDLE_IDENTIFIER = fr.sime.glacesTests;
				PRODUCT_NAME = "$(TARGET_NAME)";
				SDKROOT = auto;
				SUPPORTED_PLATFORMS = "iphoneos iphonesimulator macosx";
				SWIFT_EMIT_LOC_STRINGS = NO;
				SWIFT_VERSION = 5.0;
				TARGETED_DEVICE_FAMILY = "1,2";
				TEST_HOST = "$(BUILT_PRODUCTS_DIR)/glaces.app/$(BUNDLE_EXECUTABLE_FOLDER_PATH)/glaces";
			};
			name = Debug;
		};
		9FE33BEC2EE6CD320001AAA5 /* Release */ = {
			isa = XCBuildConfiguration;
			buildSettings = {
				ALWAYS_EMBED_SWIFT_STANDARD_LIBRARIES = YES;
				BUNDLE_LOADER = "$(TEST_HOST)";
				CODE_SIGN_STYLE = Automatic;
				CURRENT_PROJECT_VERSION = 1;
				GENERATE_INFOPLIST_FILE = YES;
				IPHONEOS_DEPLOYMENT_TARGET = 17.5;
				MACOSX_DEPLOYMENT_TARGET = 14.5;
				MARKETING_VERSION = 1.0;
				PRODUCT_BUNDLE_IDENTIFIER = fr.sime.glacesTests;
				PRODUCT_NAME = "$(TARGET_NAME)";
				SDKROOT = auto;
				SUPPORTED_PLATFORMS = "iphoneos iphonesimulator macosx";
				SWIFT_EMIT_LOC_STRINGS = NO;
				SWIFT_VERSION = 5.0;
				TARGETED_DEVICE_FAMILY = "1,2";
				TEST_HOST = "$(BUILT_PRODUCTS_DIR)/glaces.app/$(BUNDLE_EXECUTABLE_FOLDER_PATH)/glaces";
			};
			name = Release;
		};
		9FE33BEE2EE6CD320001AAA5 /* Debug */ = {
			isa = XCBuildConfiguration;
			buildSettings = {
				ALWAYS_EMBED_SWIFT_STANDARD_LIBRARIES = YES;
				CODE_SIGN_STYLE = Automatic;
				CURRENT_PROJECT_VERSION = 1;
				GENERATE_INFOPLIST_FILE = YES;
				IPHONEOS_DEPLOYMENT_TARGET = 17.5;
				MACOSX_DEPLOYMENT_TARGET = 14.5;
				MARKETING_VERSION = 1.0;
				PRODUCT_BUNDLE_IDENTIFIER = fr.sime.glacesUITests;
				PRODUCT_NAME = "$(TARGET_NAME)";
				SDKROOT = auto;
				SUPPORTED_PLATFORMS = "iphoneos iphonesimulator macosx";
				SWIFT_EMIT_LOC_STRINGS = NO;
				SWIFT_VERSION = 5.0;
				TARGETED_DEVICE_FAMILY = "1,2";
				TEST_TARGET_NAME = glaces;
			};
			name = Debug;
		};
		9FE33BEF2EE6CD320001AAA5 /* Release */ = {
			isa = XCBuildConfiguration;
			buildSettings = {
				ALWAYS_EMBED_SWIFT_STANDARD_LIBRARIES = YES;
				CODE_SIGN_STYLE = Automatic;
				CURRENT_PROJECT_VERSION = 1;
				GENERATE_INFOPLIST_FILE = YES;
				IPHONEOS_DEPLOYMENT_TARGET = 17.5;
				MACOSX_DEPLOYMENT_TARGET = 14.5;
				MARKETING_VERSION = 1.0;
				PRODUCT_BUNDLE_IDENTIFIER = fr.sime.glacesUITests;
				PRODUCT_NAME = "$(TARGET_NAME)";
				SDKROOT = auto;
				SUPPORTED_PLATFORMS = "iphoneos iphonesimulator macosx";
				SWIFT_EMIT_LOC_STRINGS = NO;
				SWIFT_VERSION = 5.0;
				TARGETED_DEVICE_FAMILY = "1,2";
				TEST_TARGET_NAME = glaces;
			};
			name = Release;
		};
/* End XCBuildConfiguration section */

/* Begin XCConfigurationList section */
		9FE33BBD2EE6CD300001AAA5 /* Build configuration list for PBXProject "glaces" */ = {
			isa = XCConfigurationList;
			buildConfigurations = (
				9FE33BE52EE6CD320001AAA5 /* Debug */,
				9FE33BE62EE6CD320001AAA5 /* Release */,
			);
			defaultConfigurationIsVisible = 0;
			defaultConfigurationName = Release;
		};
		9FE33BE72EE6CD320001AAA5 /* Build configuration list for PBXNativeTarget "glaces" */ = {
			isa = XCConfigurationList;
			buildConfigurations = (
				9FE33BE82EE6CD320001AAA5 /* Debug */,
				9FE33BE92EE6CD320001AAA5 /* Release */,
			);
			defaultConfigurationIsVisible = 0;
			defaultConfigurationName = Release;
		};
		9FE33BEA2EE6CD320001AAA5 /* Build configuration list for PBXNativeTarget "glacesTests" */ = {
			isa = XCConfigurationList;
			buildConfigurations = (
				9FE33BEB2EE6CD320001AAA5 /* Debug */,
				9FE33BEC2EE6CD320001AAA5 /* Release */,
			);
			defaultConfigurationIsVisible = 0;
			defaultConfigurationName = Release;
		};
		9FE33BED2EE6CD320001AAA5 /* Build configuration list for PBXNativeTarget "glacesUITests" */ = {
			isa = XCConfigurationList;
			buildConfigurations = (
				9FE33BEE2EE6CD320001AAA5 /* Debug */,
				9FE33BEF2EE6CD320001AAA5 /* Release */,
			);
			defaultConfigurationIsVisible = 0;
			defaultConfigurationName = Release;
		};
/* End XCConfigurationList section */
	};
	rootObject = 9FE33BBA2EE6CD300001AAA5 /* Project object */;
}
